
Microsoft Visual Studio Solution File, Format Version 12.00
# Visual Studio Version 16
VisualStudioVersion = 16.0.30011.22
MinimumVisualStudioVersion = 10.0.40219.1
Project("{9A19103F-16F7-4668-BE54-9A1E7A4F7556}") = "myapicode", "myapicode\myapicode.csproj", "{6A186E85-B4D5-4204-B24C-D432B8F21B1C}"
EndProject
Project("{9A19103F-16F7-4668-BE54-9A1E7A4F7556}") = "Core", "Core\Core.csproj", "{4B74D100-77EC-40C2-85FB-1CF102A801F1}"
EndProject
Project("{9A19103F-16F7-4668-BE54-9A1E7A4F7556}") = "infrastructure", "infrastructure\infrastructure.csproj", "{E6BF6733-AC67-4433-98F3-6A8DE8E79D88}"
EndProject
Project("{9A19103F-16F7-4668-BE54-9A1E7A4F7556}") = "testToken", "testToken\testToken.csproj", "{EBE7F84B-7E31-4E6E-913B-60787A3BFF79}"
EndProject
Project("{FAE04EC0-301F-11D3-BF4B-00C04F79EFBC}") = "EmailPost", "EmailPost\EmailPost.csproj", "{1A1BD1CF-3627-4393-82B4-D527CC4FC8F2}"
EndProject
Global
	GlobalSection(SolutionConfigurationPlatforms) = preSolution
		Debug|Any CPU = Debug|Any CPU
		Release|Any CPU = Release|Any CPU
	EndGlobalSection
	GlobalSection(ProjectConfigurationPlatforms) = postSolution
		{6A186E85-B4D5-4204-B24C-D432B8F21B1C}.Debug|Any CPU.ActiveCfg = Debug|Any CPU
		{6A186E85-B4D5-4204-B24C-D432B8F21B1C}.Debug|Any CPU.Build.0 = Debug|Any CPU
		{6A186E85-B4D5-4204-B24C-D432B8F21B1C}.Release|Any CPU.ActiveCfg = Release|Any CPU
		{6A186E85-B4D5-4204-B24C-D432B8F21B1C}.Release|Any CPU.Build.0 = Release|Any CPU
		{4B74D100-77EC-40C2-85FB-1CF102A801F1}.Debug|Any CPU.ActiveCfg = Debug|Any CPU
		{4B74D100-77EC-40C2-85FB-1CF102A801F1}.Debug|Any CPU.Build.0 = Debug|Any CPU
		{4B74D100-77EC-40C2-85FB-1CF102A801F1}.Release|Any CPU.ActiveCfg = Release|Any CPU
		{4B74D100-77EC-40C2-85FB-1CF102A801F1}.Release|Any CPU.Build.0 = Release|Any CPU
		{E6BF6733-AC67-4433-98F3-6A8DE8E79D88}.Debug|Any CPU.ActiveCfg = Debug|Any CPU
		{E6BF6733-AC67-4433-98F3-6A8DE8E79D88}.Debug|Any CPU.Build.0 = Debug|Any CPU
		{E6BF6733-AC67-4433-98F3-6A8DE8E79D88}.Release|Any CPU.ActiveCfg = Release|Any CPU
		{E6BF6733-AC67-4433-98F3-6A8DE8E79D88}.Release|Any CPU.Build.0 = Release|Any CPU
		{EBE7F84B-7E31-4E6E-913B-60787A3BFF79}.Debug|Any CPU.ActiveCfg = Debug|Any CPU
		{EBE7F84B-7E31-4E6E-913B-60787A3BFF79}.Debug|Any CPU.Build.0 = Debug|Any CPU
		{EBE7F84B-7E31-4E6E-913B-60787A3BFF79}.Release|Any CPU.ActiveCfg = Release|Any CPU
		{EBE7F84B-7E31-4E6E-913B-60787A3BFF79}.Release|Any CPU.Build.0 = Release|Any CPU
		{1A1BD1CF-3627-4393-82B4-D527CC4FC8F2}.Debug|Any CPU.ActiveCfg = Debug|Any CPU
		{1A1BD1CF-3627-4393-82B4-D527CC4FC8F2}.Debug|Any CPU.Build.0 = Debug|Any CPU
		{1A1BD1CF-3627-4393-82B4-D527CC4FC8F2}.Release|Any CPU.ActiveCfg = Release|Any CPU
		{1A1BD1CF-3627-4393-82B4-D527CC4FC8F2}.Release|Any CPU.Build.0 = Release|Any CPU
	EndGlobalSection
	GlobalSection(SolutionProperties) = preSolution
		HideSolutionNode = FALSE
	EndGlobalSection
	GlobalSection(ExtensibilityGlobals) = postSolution
		SolutionGuid = {F99032ED-1A11-4BF9-89B0-E410B2033A51}
	EndGlobalSection
EndGlobal
